
Microsoft Visual Studio Solution File, Format Version 12.00
# Visual Studio 15
VisualStudioVersion = 15.0.28307.489
MinimumVisualStudioVersion = 10.0.40219.1
Project("{FAE04EC0-301F-11D3-BF4B-00C04F79EFBC}") = "WinForms Calculator", "Kurs Windows Forms 1\WinForms Calculator.csproj", "{03201F75-2190-43CE-9080-F21FDAF3FBEF}"
EndProject
Global
	GlobalSection(SolutionConfigurationPlatforms) = preSolution
		Debug|Any CPU = Debug|Any CPU
		Release|Any CPU = Release|Any CPU
	EndGlobalSection
	GlobalSection(ProjectConfigurationPlatforms) = postSolution
		{03201F75-2190-43CE-9080-F21FDAF3FBEF}.Debug|Any CPU.ActiveCfg = Debug|Any CPU
		{03201F75-2190-43CE-9080-F21FDAF3FBEF}.Debug|Any CPU.Build.0 = Debug|Any CPU
		{03201F75-2190-43CE-9080-F21FDAF3FBEF}.Release|Any CPU.ActiveCfg = Release|Any CPU
		{03201F75-2190-43CE-9080-F21FDAF3FBEF}.Release|Any CPU.Build.0 = Release|Any CPU
	EndGlobalSection
	GlobalSection(SolutionProperties) = preSolution
		HideSolutionNode = FALSE
	EndGlobalSection
	GlobalSection(ExtensibilityGlobals) = postSolution
		SolutionGuid = {E18A7BA2-4DFA-45F8-89D1-89521B31D8C7}
	EndGlobalSection
EndGlobal
